
Microsoft Visual Studio Solution File, Format Version 12.00
# Visual Studio Version 17
VisualStudioVersion = 17.3.32901.215
MinimumVisualStudioVersion = 10.0.40219.1
Project("{FAE04EC0-301F-11D3-BF4B-00C04F79EFBC}") = "Student Database", "Student Database\Student Database.csproj", "{5D7A0C4D-F595-46F8-B0A1-CBD945B6E75C}"
EndProject
Global
	GlobalSection(SolutionConfigurationPlatforms) = preSolution
		Debug|Any CPU = Debug|Any CPU
		Release|Any CPU = Release|Any CPU
	EndGlobalSection
	GlobalSection(ProjectConfigurationPlatforms) = postSolution
		{5D7A0C4D-F595-46F8-B0A1-CBD945B6E75C}.Debug|Any CPU.ActiveCfg = Debug|Any CPU
		{5D7A0C4D-F595-46F8-B0A1-CBD945B6E75C}.Debug|Any CPU.Build.0 = Debug|Any CPU
		{5D7A0C4D-F595-46F8-B0A1-CBD945B6E75C}.Release|Any CPU.ActiveCfg = Release|Any CPU
		{5D7A0C4D-F595-46F8-B0A1-CBD945B6E75C}.Release|Any CPU.Build.0 = Release|Any CPU
	EndGlobalSection
	GlobalSection(SolutionProperties) = preSolution
		HideSolutionNode = FALSE
	EndGlobalSection
	GlobalSection(ExtensibilityGlobals) = postSolution
		SolutionGuid = {EA3C987F-2B92-41FD-93EB-6A6DA1BF3F15}
	EndGlobalSection
EndGlobal
